<?xml version="1.0" encoding="utf-8"?>
<Project ToolsVersion="4.0" xmlns="http://schemas.microsoft.com/developer/msbuild/2003">
  <ItemGroup>
    <Filter Include="Source Files">
      <UniqueIdentifier>{4FC737F1-C7A5-4376-A066-2A32D752A2FF}</UniqueIdentifier>
      <Extensions>cpp;c;cc;cxx;def;odl;idl;hpj;bat;asm;asmx</Extensions>
    </Filter>
    <Filter Include="Header Files">
      <UniqueIdentifier>{93995380-89BD-4b04-88EB-625FBE52EBFB}</UniqueIdentifier>
      <Extensions>h;hh;hpp;hxx;hm;inl;inc;xsd</Extensions>
    </Filter>
    <Filter Include="Resource Files">
      <UniqueIdentifier>{67DA6AB6-F800-4c08-8B7A-83BB121AAD01}</UniqueIdentifier>
      <Extensions>rc;ico;cur;bmp;dlg;rc2;rct;bin;rgs;gif;jpg;jpeg;jpe;resx;tiff;tif;png;wav;mfcribbon-ms</Extensions>
    </Filter>
    <Filter Include="Header Files\standardroute">
      <UniqueIdentifier>{2bd4c292-e6fa-48b3-b753-70bff5212a62}</UniqueIdentifier>
    </Filter>
    <Filter Include="Source Files\standardroute">
      <UniqueIdentifier>{0ae3d157-5de5-4bbb-b0a9-b8f3500bbd75}</UniqueIdentifier>
    </Filter>
  </ItemGroup>
  <ItemGroup>
    <ClCompile Include="..\main.c">
      <Filter>Source Files</Filter>
    </ClCompile>
    <ClCompile Include="..\deathcount.c">
      <Filter>Source Files</Filter>
    </ClCompile>
    <ClCompile Include="..\mirkling.c">
      <Filter>Source Files</Filter>
    </ClCompile>
    <ClCompile Include="..\mirklinghandler.c">
      <Filter>Source Files</Filter>
    </ClCompile>
    <ClCompile Include="..\player.c">
      <Filter>Source Files</Filter>
    </ClCompile>
    <ClCompile Include="..\preciouspeople.c">
      <Filter>Source Files</Filter>
    </ClCompile>
    <ClCompile Include="..\stage.c">
      <Filter>Source Files</Filter>
    </ClCompile>
    <ClCompile Include="..\upgrades.c">
      <Filter>Source Files</Filter>
    </ClCompile>
    <ClCompile Include="..\gamescreen.c">
      <Filter>Source Files</Filter>
    </ClCompile>
    <ClCompile Include="..\collision.c">
      <Filter>Source Files</Filter>
    </ClCompile>
    <ClCompile Include="..\particles.c">
      <Filter>Source Files</Filter>
    </ClCompile>
    <ClCompile Include="..\titlescreen.c">
      <Filter>Source Files</Filter>
    </ClCompile>
    <ClCompile Include="..\gameoverscreen.c">
      <Filter>Source Files</Filter>
    </ClCompile>
    <ClCompile Include="..\soundeffect.c">
      <Filter>Source Files</Filter>
    </ClCompile>
    <ClCompile Include="..\explosion.c">
      <Filter>Source Files</Filter>
    </ClCompile>
    <ClCompile Include="..\routehandler.c">
      <Filter>Source Files</Filter>
    </ClCompile>
    <ClCompile Include="..\routes\standardroute.c">
      <Filter>Source Files</Filter>
    </ClCompile>
    <ClCompile Include="..\routes\pukeroute.c">
      <Filter>Source Files</Filter>
    </ClCompile>
    <ClCompile Include="..\routes\pukeroute\rotatelevel.c">
      <Filter>Source Files</Filter>
    </ClCompile>
    <ClCompile Include="..\routes\standardroute\standard.c">
      <Filter>Source Files\standardroute</Filter>
    </ClCompile>
    <ClCompile Include="..\routes\standardroute\standard1.c">
      <Filter>Source Files\standardroute</Filter>
    </ClCompile>
    <ClCompile Include="..\routes\standardroute\standard2.c">
      <Filter>Source Files\standardroute</Filter>
    </ClCompile>
    <ClCompile Include="..\routes\standardroute\standard3.c">
      <Filter>Source Files\standardroute</Filter>
    </ClCompile>
    <ClCompile Include="..\routes\standardroute\standard4.c">
      <Filter>Source Files\standardroute</Filter>
    </ClCompile>
    <ClCompile Include="..\routes\standardroute\standard5.c">
      <Filter>Source Files\standardroute</Filter>
    </ClCompile>
    <ClCompile Include="..\routes\standardroute\standard6.c">
      <Filter>Source Files\standardroute</Filter>
    </ClCompile>
    <ClCompile Include="..\routes\standardroute\standard7.c">
      <Filter>Source Files\standardroute</Filter>
    </ClCompile>
    <ClCompile Include="..\routes\standardroute\standard8.c">
      <Filter>Source Files\standardroute</Filter>
    </ClCompile>
    <ClCompile Include="..\routes\standardroute\standard9.c">
      <Filter>Source Files\standardroute</Filter>
    </ClCompile>
    <ClCompile Include="..\routes\standardroute\standard10.c">
      <Filter>Source Files\standardroute</Filter>
    </ClCompile>
    <ClCompile Include="..\routes\pukeroute\shakelevel.c">
      <Filter>Source Files</Filter>
    </ClCompile>
    <ClCompile Include="..\routes\pukeroute\limitedsightlevel.c">
      <Filter>Source Files</Filter>
    </ClCompile>
    <ClCompile Include="..\routes\pukeroute\discolevel.c">
      <Filter>Source Files</Filter>
    </ClCompile>
    <ClCompile Include="..\routes\pukeroute\invisiblemirklingslevel.c">
      <Filter>Source Files</Filter>
    </ClCompile>
    <ClCompile Include="..\routes\pukeroute\textblockingviewlevel.c">
      <Filter>Source Files</Filter>
    </ClCompile>
    <ClCompile Include="..\routes\pukeroute\playforyoulevel.c">
      <Filter>Source Files</Filter>
    </ClCompile>
    <ClCompile Include="..\noise.c">
      <Filter>Source Files</Filter>
    </ClCompile>
    <ClCompile Include="..\routes\pukeroute\simulationbreakdown1.c">
      <Filter>Source Files</Filter>
    </ClCompile>
    <ClCompile Include="..\routes\pukeroute\simulationbreakdown2.c">
      <Filter>Source Files</Filter>
    </ClCompile>
    <ClCompile Include="..\routes\pukeroute\simulationbreakdown3.c">
      <Filter>Source Files</Filter>
    </ClCompile>
    <ClCompile Include="..\routes\pukeroute\simulationbreakdown4.c">
      <Filter>Source Files</Filter>
    </ClCompile>
    <ClCompile Include="..\routes\pukeroute\simulationbreakdown5.c">
      <Filter>Source Files</Filter>
    </ClCompile>
    <ClCompile Include="..\routes\pukeroute\simulationbreakdown6.c">
      <Filter>Source Files</Filter>
    </ClCompile>
    <ClCompile Include="..\routes\pukeroute\simulationbreakdown7.c">
      <Filter>Source Files</Filter>
    </ClCompile>
    <ClCompile Include="..\routes\pukeroute\simulationbreakdown8.c">
      <Filter>Source Files</Filter>
    </ClCompile>
    <ClCompile Include="..\routes\pukeroute\simulationbreakdown9.c">
      <Filter>Source Files</Filter>
    </ClCompile>
    <ClCompile Include="..\routes\pukeroute\simulationbreakdown10.c">
      <Filter>Source Files</Filter>
    </ClCompile>
    <ClCompile Include="..\routes\pukeroute\simulationbreakdown11.c">
      <Filter>Source Files</Filter>
    </ClCompile>
    <ClCompile Include="..\endingscreen.c">
      <Filter>Source Files</Filter>
    </ClCompile>
    <ClCompile Include="..\baftascreen.c">
      <Filter>Source Files</Filter>
    </ClCompile>
  </ItemGroup>
  <ItemGroup>
    <ClInclude Include="..\deathcount.h">
      <Filter>Header Files</Filter>
    </ClInclude>
    <ClInclude Include="..\mirkling.h">
      <Filter>Header Files</Filter>
    </ClInclude>
    <ClInclude Include="..\mirklinghandler.h">
      <Filter>Header Files</Filter>
    </ClInclude>
    <ClInclude Include="..\player.h">
      <Filter>Header Files</Filter>
    </ClInclude>
    <ClInclude Include="..\preciouspeople.h">
      <Filter>Header Files</Filter>
    </ClInclude>
    <ClInclude Include="..\stage.h">
      <Filter>Header Files</Filter>
    </ClInclude>
    <ClInclude Include="..\upgrades.h">
      <Filter>Header Files</Filter>
    </ClInclude>
    <ClInclude Include="..\gamescreen.h">
      <Filter>Header Files</Filter>
    </ClInclude>
    <ClInclude Include="..\collision.h">
      <Filter>Header Files</Filter>
    </ClInclude>
    <ClInclude Include="..\particles.h">
      <Filter>Header Files</Filter>
    </ClInclude>
    <ClInclude Include="..\levelhandler.h">
      <Filter>Header Files</Filter>
    </ClInclude>
    <ClInclude Include="..\titlescreen.h">
      <Filter>Header Files</Filter>
    </ClInclude>
    <ClInclude Include="..\gameoverscreen.h">
      <Filter>Header Files</Filter>
    </ClInclude>
    <ClInclude Include="..\soundeffect.h">
      <Filter>Header Files</Filter>
    </ClInclude>
    <ClInclude Include="..\explosion.h">
      <Filter>Header Files</Filter>
    </ClInclude>
    <ClInclude Include="..\routehandler.h">
      <Filter>Header Files</Filter>
    </ClInclude>
    <ClInclude Include="..\routes\standardroute.h">
      <Filter>Header Files</Filter>
    </ClInclude>
    <ClInclude Include="..\route.h">
      <Filter>Header Files</Filter>
    </ClInclude>
    <ClInclude Include="..\routes\pukeroute.h">
      <Filter>Header Files</Filter>
    </ClInclude>
    <ClInclude Include="..\routes\pukeroute\rotatelevel.h">
      <Filter>Header Files</Filter>
    </ClInclude>
    <ClInclude Include="..\routes\standardroute\standard.h">
      <Filter>Header Files\standardroute</Filter>
    </ClInclude>
    <ClInclude Include="..\routes\standardroute\standard1.h">
      <Filter>Header Files\standardroute</Filter>
    </ClInclude>
    <ClInclude Include="..\routes\standardroute\standard2.h">
      <Filter>Header Files\standardroute</Filter>
    </ClInclude>
    <ClInclude Include="..\routes\standardroute\standard3.h">
      <Filter>Header Files\standardroute</Filter>
    </ClInclude>
    <ClInclude Include="..\routes\standardroute\standard4.h">
      <Filter>Header Files\standardroute</Filter>
    </ClInclude>
    <ClInclude Include="..\routes\standardroute\standard5.h">
      <Filter>Header Files\standardroute</Filter>
    </ClInclude>
    <ClInclude Include="..\routes\standardroute\standard6.h">
      <Filter>Header Files\standardroute</Filter>
    </ClInclude>
    <ClInclude Include="..\routes\standardroute\standard7.h">
      <Filter>Header Files\standardroute</Filter>
    </ClInclude>
    <ClInclude Include="..\routes\standardroute\standard8.h">
      <Filter>Header Files\standardroute</Filter>
    </ClInclude>
    <ClInclude Include="..\routes\standardroute\standard9.h">
      <Filter>Header Files\standardroute</Filter>
    </ClInclude>
    <ClInclude Include="..\routes\standardroute\standard10.h">
      <Filter>Header Files\standardroute</Filter>
    </ClInclude>
    <ClInclude Include="..\routes\pukeroute\shakelevel.h">
      <Filter>Header Files</Filter>
    </ClInclude>
    <ClInclude Include="..\routes\pukeroute\limitedsightlevel.h">
      <Filter>Header Files</Filter>
    </ClInclude>
    <ClInclude Include="..\routes\pukeroute\discolevel.h">
      <Filter>Header Files</Filter>
    </ClInclude>
    <ClInclude Include="..\routes\pukeroute\invisiblemirklingslevel.h">
      <Filter>Header Files</Filter>
    </ClInclude>
    <ClInclude Include="..\routes\pukeroute\textblockingviewlevel.h">
      <Filter>Header Files</Filter>
    </ClInclude>
    <ClInclude Include="..\routes\pukeroute\playforyoulevel.h">
      <Filter>Header Files</Filter>
    </ClInclude>
    <ClInclude Include="..\noise.h">
      <Filter>Header Files</Filter>
    </ClInclude>
    <ClInclude Include="..\routes\pukeroute\simulationbreakdown1.h">
      <Filter>Header Files</Filter>
    </ClInclude>
    <ClInclude Include="..\routes\pukeroute\simulationbreakdown2.h">
      <Filter>Header Files</Filter>
    </ClInclude>
    <ClInclude Include="..\routes\pukeroute\simulationbreakdown3.h">
      <Filter>Header Files</Filter>
    </ClInclude>
    <ClInclude Include="..\routes\pukeroute\simulationbreakdown4.h">
      <Filter>Header Files</Filter>
    </ClInclude>
    <ClInclude Include="..\routes\pukeroute\simulationbreakdown5.h">
      <Filter>Header Files</Filter>
    </ClInclude>
    <ClInclude Include="..\routes\pukeroute\simulationbreakdown6.h">
      <Filter>Header Files</Filter>
    </ClInclude>
    <ClInclude Include="..\routes\pukeroute\simulationbreakdown7.h">
      <Filter>Header Files</Filter>
    </ClInclude>
    <ClInclude Include="..\routes\pukeroute\simulationbreakdown8.h">
      <Filter>Header Files</Filter>
    </ClInclude>
    <ClInclude Include="..\routes\pukeroute\simulationbreakdown9.h">
      <Filter>Header Files</Filter>
    </ClInclude>
    <ClInclude Include="..\routes\pukeroute\simulationbreakdown10.h">
      <Filter>Header Files</Filter>
    </ClInclude>
    <ClInclude Include="..\routes\pukeroute\simulationbreakdown11.h">
      <Filter>Header Files</Filter>
    </ClInclude>
    <ClInclude Include="..\endingscreen.h">
      <Filter>Header Files</Filter>
    </ClInclude>
    <ClInclude Include="..\baftascreen.h">
      <Filter>Header Files</Filter>
    </ClInclude>
  </ItemGroup>
</Project>